// !$*UTF8*$!
{
	archiveVersion = 1;
	classes = {
	};
	objectVersion = 46;
	objects = {

/* Begin PBXBuildFile section */
		592415531ACCC88E00048C2B /* AppDelegate.swift in Sources */ = {isa = PBXBuildFile; fileRef = 592415521ACCC88E00048C2B /* AppDelegate.swift */; };
		592415551ACCC88E00048C2B /* GameScene.sks in Resources */ = {isa = PBXBuildFile; fileRef = 592415541ACCC88E00048C2B /* GameScene.sks */; };
		592415571ACCC88E00048C2B /* GameScene.swift in Sources */ = {isa = PBXBuildFile; fileRef = 592415561ACCC88E00048C2B /* GameScene.swift */; };
		592415591ACCC88E00048C2B /* GameViewController.swift in Sources */ = {isa = PBXBuildFile; fileRef = 592415581ACCC88E00048C2B /* GameViewController.swift */; };
		5924155C1ACCC88E00048C2B /* Main.storyboard in Resources */ = {isa = PBXBuildFile; fileRef = 5924155A1ACCC88E00048C2B /* Main.storyboard */; };
		5924155E1ACCC88E00048C2B /* Images.xcassets in Resources */ = {isa = PBXBuildFile; fileRef = 5924155D1ACCC88E00048C2B /* Images.xcassets */; };
		592415611ACCC88E00048C2B /* LaunchScreen.xib in Resources */ = {isa = PBXBuildFile; fileRef = 5924155F1ACCC88E00048C2B /* LaunchScreen.xib */; };
		5924156D1ACCC88E00048C2B /* test2Tests.swift in Sources */ = {isa = PBXBuildFile; fileRef = 5924156C1ACCC88E00048C2B /* test2Tests.swift */; };
/* End PBXBuildFile section */

/* Begin PBXContainerItemProxy section */
		592415671ACCC88E00048C2B /* PBXContainerItemProxy */ = {
			isa = PBXContainerItemProxy;
			containerPortal = 592415451ACCC88E00048C2B /* Project object */;
			proxyType = 1;
			remoteGlobalIDString = 5924154C1ACCC88E00048C2B;
			remoteInfo = test2;
		};
/* End PBXContainerItemProxy section */

/* Begin PBXFileReference section */
		5924154D1ACCC88E00048C2B /* test2.app */ = {isa = PBXFileReference; explicitFileType = wrapper.application; includeInIndex = 0; path = test2.app; sourceTree = BUILT_PRODUCTS_DIR; };
		592415511ACCC88E00048C2B /* Info.plist */ = {isa = PBXFileReference; lastKnownFileType = text.plist.xml; path = Info.plist; sourceTree = "<group>"; };
		592415521ACCC88E00048C2B /* AppDelegate.swift */ = {isa = PBXFileReference; lastKnownFileType = sourcecode.swift; path = AppDelegate.swift; sourceTree = "<group>"; };
		592415541ACCC88E00048C2B /* GameScene.sks */ = {isa = PBXFileReference; lastKnownFileType = file.sks; path = GameScene.sks; sourceTree = "<group>"; };
		592415561ACCC88E00048C2B /* GameScene.swift */ = {isa = PBXFileReference; lastKnownFileType = sourcecode.swift; path = GameScene.swift; sourceTree = "<group>"; };
		592415581ACCC88E00048C2B /* GameViewController.swift */ = {isa = PBXFileReference; lastKnownFileType = sourcecode.swift; path = GameViewController.swift; sourceTree = "<group>"; };
		5924155B1ACCC88E00048C2B /* Base */ = {isa = PBXFileReference; lastKnownFileType = file.storyboard; name = Base; path = Base.lproj/Main.storyboard; sourceTree = "<group>"; };
		5924155D1ACCC88E00048C2B /* Images.xcassets */ = {isa = PBXFileReference; lastKnownFileType = folder.assetcatalog; path = Images.xcassets; sourceTree = "<group>"; };
		592415601ACCC88E00048C2B /* Base */ = {isa = PBXFileReference; lastKnownFileType = file.xib; name = Base; path = Base.lproj/LaunchScreen.xib; sourceTree = "<group>"; };
		592415661ACCC88E00048C2B /* test2Tests.xctest */ = {isa = PBXFileReference; explicitFileType = wrapper.cfbundle; includeInIndex = 0; path = test2Tests.xctest; sourceTree = BUILT_PRODUCTS_DIR; };
		5924156B1ACCC88E00048C2B /* Info.plist */ = {isa = PBXFileReference; lastKnownFileType = text.plist.xml; path = Info.plist; sourceTree = "<group>"; };
		5924156C1ACCC88E00048C2B /* test2Tests.swift */ = {isa = PBXFileReference; lastKnownFileType = sourcecode.swift; path = test2Tests.swift; sourceTree = "<group>"; };
/* End PBXFileReference section */

/* Begin PBXFrameworksBuildPhase section */
		5924154A1ACCC88E00048C2B /* Frameworks */ = {
			isa = PBXFrameworksBuildPhase;
			buildActionMask = 2147483647;
			files = (
			);
			runOnlyForDeploymentPostprocessing = 0;
		};
		592415631ACCC88E00048C2B /* Frameworks */ = {
			isa = PBXFrameworksBuildPhase;
			buildActionMask = 2147483647;
			files = (
			);
			runOnlyForDeploymentPostprocessing = 0;
		};
/* End PBXFrameworksBuildPhase section */

/* Begin PBXGroup section */
		592415441ACCC88E00048C2B = {
			isa = PBXGroup;
			children = (
				5924154F1ACCC88E00048C2B /* test2 */,
				592415691ACCC88E00048C2B /* test2Tests */,
				5924154E1ACCC88E00048C2B /* Products */,
			);
			sourceTree = "<group>";
		};
		5924154E1ACCC88E00048C2B /* Products */ = {
			isa = PBXGroup;
			children = (
				5924154D1ACCC88E00048C2B /* test2.app */,
				592415661ACCC88E00048C2B /* test2Tests.xctest */,
			);
			name = Products;
			sourceTree = "<group>";
		};
		5924154F1ACCC88E00048C2B /* test2 */ = {
			isa = PBXGroup;
			children = (
				592415521ACCC88E00048C2B /* AppDelegate.swift */,
				592415541ACCC88E00048C2B /* GameScene.sks */,
				592415561ACCC88E00048C2B /* GameScene.swift */,
				592415581ACCC88E00048C2B /* GameViewController.swift */,
				5924155A1ACCC88E00048C2B /* Main.storyboard */,
				5924155D1ACCC88E00048C2B /* Images.xcassets */,
				5924155F1ACCC88E00048C2B /* LaunchScreen.xib */,
				592415501ACCC88E00048C2B /* Supporting Files */,
			);
			path = test2;
			sourceTree = "<group>";
		};
		592415501ACCC88E00048C2B /* Supporting Files */ = {
			isa = PBXGroup;
			children = (
				592415511ACCC88E00048C2B /* Info.plist */,
			);
			name = "Supporting Files";
			sourceTree = "<group>";
		};
		592415691ACCC88E00048C2B /* test2Tests */ = {
			isa = PBXGroup;
			children = (
				5924156C1ACCC88E00048C2B /* test2Tests.swift */,
				5924156A1ACCC88E00048C2B /* Supporting Files */,
			);
			path = test2Tests;
			sourceTree = "<group>";
		};
		5924156A1ACCC88E00048C2B /* Supporting Files */ = {
			isa = PBXGroup;
			children = (
				5924156B1ACCC88E00048C2B /* Info.plist */,
			);
			name = "Supporting Files";
			sourceTree = "<group>";
		};
/* End PBXGroup section */

/* Begin PBXNativeTarget section */
		5924154C1ACCC88E00048C2B /* test2 */ = {
			isa = PBXNativeTarget;
			buildConfigurationList = 592415701ACCC88E00048C2B /* Build configuration list for PBXNativeTarget "test2" */;
			buildPhases = (
				592415491ACCC88E00048C2B /* Sources */,
				5924154A1ACCC88E00048C2B /* Frameworks */,
				5924154B1ACCC88E00048C2B /* Resources */,
			);
			buildRules = (
			);
			dependencies = (
			);
			name = test2;
			productName = test2;
			productReference = 5924154D1ACCC88E00048C2B /* test2.app */;
			productType = "com.apple.product-type.application";
		};
		592415651ACCC88E00048C2B /* test2Tests */ = {
			isa = PBXNativeTarget;
			buildConfigurationList = 592415731ACCC88E00048C2B /* Build configuration list for PBXNativeTarget "test2Tests" */;
			buildPhases = (
				592415621ACCC88E00048C2B /* Sources */,
				592415631ACCC88E00048C2B /* Frameworks */,
				592415641ACCC88E00048C2B /* Resources */,
			);
			buildRules = (
			);
			dependencies = (
				592415681ACCC88E00048C2B /* PBXTargetDependency */,
			);
			name = test2Tests;
			productName = test2Tests;
			productReference = 592415661ACCC88E00048C2B /* test2Tests.xctest */;
			productType = "com.apple.product-type.bundle.unit-test";
		};
/* End PBXNativeTarget section */

/* Begin PBXProject section */
		592415451ACCC88E00048C2B /* Project object */ = {
			isa = PBXProject;
			attributes = {
				LastUpgradeCheck = 0610;
				ORGANIZATIONNAME = "坂野健";
				TargetAttributes = {
					5924154C1ACCC88E00048C2B = {
						CreatedOnToolsVersion = 6.1.1;
					};
					592415651ACCC88E00048C2B = {
						CreatedOnToolsVersion = 6.1.1;
						TestTargetID = 5924154C1ACCC88E00048C2B;
					};
				};
			};
			buildConfigurationList = 592415481ACCC88E00048C2B /* Build configuration list for PBXProject "test2" */;
			compatibilityVersion = "Xcode 3.2";
			developmentRegion = English;
			hasScannedForEncodings = 0;
			knownRegions = (
				en,
				Base,
			);
			mainGroup = 592415441ACCC88E00048C2B;
			productRefGroup = 5924154E1ACCC88E00048C2B /* Products */;
			projectDirPath = "";
			projectRoot = "";
			targets = (
				5924154C1ACCC88E00048C2B /* test2 */,
				592415651ACCC88E00048C2B /* test2Tests */,
			);
		};
/* End PBXProject section */

/* Begin PBXResourcesBuildPhase section */
		5924154B1ACCC88E00048C2B /* Resources */ = {
			isa = PBXResourcesBuildPhase;
			buildActionMask = 2147483647;
			files = (
				592415611ACCC88E00048C2B /* LaunchScreen.xib in Resources */,
				5924155E1ACCC88E00048C2B /* Images.xcassets in Resources */,
				592415551ACCC88E00048C2B /* GameScene.sks in Resources */,
				5924155C1ACCC88E00048C2B /* Main.storyboard in Resources */,
			);
			runOnlyForDeploymentPostprocessing = 0;
		};
		592415641ACCC88E00048C2B /* Resources */ = {
			isa = PBXResourcesBuildPhase;
			buildActionMask = 2147483647;
			files = (
			);
			runOnlyForDeploymentPostprocessing = 0;
		};
/* End PBXResourcesBuildPhase section */

/* Begin PBXSourcesBuildPhase section */
		592415491ACCC88E00048C2B /* Sources */ = {
			isa = PBXSourcesBuildPhase;
			buildActionMask = 2147483647;
			files = (
				592415571ACCC88E00048C2B /* GameScene.swift in Sources */,
				592415591ACCC88E00048C2B /* GameViewController.swift in Sources */,
				592415531ACCC88E00048C2B /* AppDelegate.swift in Sources */,
			);
			runOnlyForDeploymentPostprocessing = 0;
		};
		592415621ACCC88E00048C2B /* Sources */ = {
			isa = PBXSourcesBuildPhase;
			buildActionMask = 2147483647;
			files = (
				5924156D1ACCC88E00048C2B /* test2Tests.swift in Sources */,
			);
			runOnlyForDeploymentPostprocessing = 0;
		};
/* End PBXSourcesBuildPhase section */

/* Begin PBXTargetDependency section */
		592415681ACCC88E00048C2B /* PBXTargetDependency */ = {
			isa = PBXTargetDependency;
			target = 5924154C1ACCC88E00048C2B /* test2 */;
			targetProxy = 592415671ACCC88E00048C2B /* PBXContainerItemProxy */;
		};
/* End PBXTargetDependency section */

/* Begin PBXVariantGroup section */
		5924155A1ACCC88E00048C2B /* Main.storyboard */ = {
			isa = PBXVariantGroup;
			children = (
				5924155B1ACCC88E00048C2B /* Base */,
			);
			name = Main.storyboard;
			sourceTree = "<group>";
		};
		5924155F1ACCC88E00048C2B /* LaunchScreen.xib */ = {
			isa = PBXVariantGroup;
			children = (
				592415601ACCC88E00048C2B /* Base */,
			);
			name = LaunchScreen.xib;
			sourceTree = "<group>";
		};
/* End PBXVariantGroup section */

/* Begin XCBuildConfiguration section */
		5924156E1ACCC88E00048C2B /* Debug */ = {
			isa = XCBuildConfiguration;
			buildSettings = {
				ALWAYS_SEARCH_USER_PATHS = NO;
				CLANG_CXX_LANGUAGE_STANDARD = "gnu++0x";
				CLANG_CXX_LIBRARY = "libc++";
				CLANG_ENABLE_MODULES = YES;
				CLANG_ENABLE_OBJC_ARC = YES;
				CLANG_WARN_BOOL_CONVERSION = YES;
				CLANG_WARN_CONSTANT_CONVERSION = YES;
				CLANG_WARN_DIRECT_OBJC_ISA_USAGE = YES_ERROR;
				CLANG_WARN_EMPTY_BODY = YES;
				CLANG_WARN_ENUM_CONVERSION = YES;
				CLANG_WARN_INT_CONVERSION = YES;
				CLANG_WARN_OBJC_ROOT_CLASS = YES_ERROR;
				CLANG_WARN_UNREACHABLE_CODE = YES;
				CLANG_WARN__DUPLICATE_METHOD_MATCH = YES;
				"CODE_SIGN_IDENTITY[sdk=iphoneos*]" = "iPhone Developer";
				COPY_PHASE_STRIP = NO;
				ENABLE_STRICT_OBJC_MSGSEND = YES;
				GCC_C_LANGUAGE_STANDARD = gnu99;
				GCC_DYNAMIC_NO_PIC = NO;
				GCC_OPTIMIZATION_LEVEL = 0;
				GCC_PREPROCESSOR_DEFINITIONS = (
					"DEBUG=1",
					"$(inherited)",
				);
				GCC_SYMBOLS_PRIVATE_EXTERN = NO;
				GCC_WARN_64_TO_32_BIT_CONVERSION = YES;
				GCC_WARN_ABOUT_RETURN_TYPE = YES_ERROR;
				GCC_WARN_UNDECLARED_SELECTOR = YES;
				GCC_WARN_UNINITIALIZED_AUTOS = YES_AGGRESSIVE;
				GCC_WARN_UNUSED_FUNCTION = YES;
				GCC_WARN_UNUSED_VARIABLE = YES;
				IPHONEOS_DEPLOYMENT_TARGET = 8.1;
				MTL_ENABLE_DEBUG_INFO = YES;
				ONLY_ACTIVE_ARCH = YES;
				SDKROOT = iphoneos;
				SWIFT_OPTIMIZATION_LEVEL = "-Onone";
			};
			name = Debug;
		};
		5924156F1ACCC88E00048C2B /* Release */ = {
			isa = XCBuildConfiguration;
			buildSettings = {
				ALWAYS_SEARCH_USER_PATHS = NO;
				CLANG_CXX_LANGUAGE_STANDARD = "gnu++0x";
				CLANG_CXX_LIBRARY = "libc++";
				CLANG_ENABLE_MODULES = YES;
				CLANG_ENABLE_OBJC_ARC = YES;
				CLANG_WARN_BOOL_CONVERSION = YES;
				CLANG_WARN_CONSTANT_CONVERSION = YES;
				CLANG_WARN_DIRECT_OBJC_ISA_USAGE = YES_ERROR;
				CLANG_WARN_EMPTY_BODY = YES;
				CLANG_WARN_ENUM_CONVERSION = YES;
				CLANG_WARN_INT_CONVERSION = YES;
				CLANG_WARN_OBJC_ROOT_CLASS = YES_ERROR;
				CLANG_WARN_UNREACHABLE_CODE = YES;
				CLANG_WARN__DUPLICATE_METHOD_MATCH = YES;
				"CODE_SIGN_IDENTITY[sdk=iphoneos*]" = "iPhone Developer";
				COPY_PHASE_STRIP = YES;
				ENABLE_NS_ASSERTIONS = NO;
				ENABLE_STRICT_OBJC_MSGSEND = YES;
				GCC_C_LANGUAGE_STANDARD = gnu99;
				GCC_WARN_64_TO_32_BIT_CONVERSION = YES;
				GCC_WARN_ABOUT_RETURN_TYPE = YES_ERROR;
				GCC_WARN_UNDECLARED_SELECTOR = YES;
				GCC_WARN_UNINITIALIZED_AUTOS = YES_AGGRESSIVE;
				GCC_WARN_UNUSED_FUNCTION = YES;
				GCC_WARN_UNUSED_VARIABLE = YES;
				IPHONEOS_DEPLOYMENT_TARGET = 8.1;
				MTL_ENABLE_DEBUG_INFO = NO;
				SDKROOT = iphoneos;
				VALIDATE_PRODUCT = YES;
			};
			name = Release;
		};
		592415711ACCC88E00048C2B /* Debug */ = {
			isa = XCBuildConfiguration;
			buildSettings = {
				ASSETCATALOG_COMPILER_APPICON_NAME = AppIcon;
				INFOPLIST_FILE = test2/Info.plist;
				LD_RUNPATH_SEARCH_PATHS = "$(inherited) @executable_path/Frameworks";
				PRODUCT_NAME = "$(TARGET_NAME)";
			};
			name = Debug;
		};
		592415721ACCC88E00048C2B /* Release */ = {
			isa = XCBuildConfiguration;
			buildSettings = {
				ASSETCATALOG_COMPILER_APPICON_NAME = AppIcon;
				INFOPLIST_FILE = test2/Info.plist;
				LD_RUNPATH_SEARCH_PATHS = "$(inherited) @executable_path/Frameworks";
				PRODUCT_NAME = "$(TARGET_NAME)";
			};
			name = Release;
		};
		592415741ACCC88E00048C2B /* Debug */ = {
			isa = XCBuildConfiguration;
			buildSettings = {
				BUNDLE_LOADER = "$(TEST_HOST)";
				FRAMEWORK_SEARCH_PATHS = (
					"$(SDKROOT)/Developer/Library/Frameworks",
					"$(inherited)",
				);
				GCC_PREPROCESSOR_DEFINITIONS = (
					"DEBUG=1",
					"$(inherited)",
				);
				INFOPLIST_FILE = test2Tests/Info.plist;
				LD_RUNPATH_SEARCH_PATHS = "$(inherited) @executable_path/Frameworks @loader_path/Frameworks";
				PRODUCT_NAME = "$(TARGET_NAME)";
				TEST_HOST = "$(BUILT_PRODUCTS_DIR)/test2.app/test2";
			};
			name = Debug;
		};
		592415751ACCC88E00048C2B /* Release */ = {
			isa = XCBuildConfiguration;
			buildSettings = {
				BUNDLE_LOADER = "$(TEST_HOST)";
				FRAMEWORK_SEARCH_PATHS = (
					"$(SDKROOT)/Developer/Library/Frameworks",
					"$(inherited)",
				);
				INFOPLIST_FILE = test2Tests/Info.plist;
				LD_RUNPATH_SEARCH_PATHS = "$(inherited) @executable_path/Frameworks @loader_path/Frameworks";
				PRODUCT_NAME = "$(TARGET_NAME)";
				TEST_HOST = "$(BUILT_PRODUCTS_DIR)/test2.app/test2";
			};
			name = Release;
		};
/* End XCBuildConfiguration section */

/* Begin XCConfigurationList section */
		592415481ACCC88E00048C2B /* Build configuration list for PBXProject "test2" */ = {
			isa = XCConfigurationList;
			buildConfigurations = (
				5924156E1ACCC88E00048C2B /* Debug */,
				5924156F1ACCC88E00048C2B /* Release */,
			);
			defaultConfigurationIsVisible = 0;
			defaultConfigurationName = Release;
		};
		592415701ACCC88E00048C2B /* Build configuration list for PBXNativeTarget "test2" */ = {
			isa = XCConfigurationList;
			buildConfigurations = (
				592415711ACCC88E00048C2B /* Debug */,
				592415721ACCC88E00048C2B /* Release */,
			);
			defaultConfigurationIsVisible = 0;
		};
		592415731ACCC88E00048C2B /* Build configuration list for PBXNativeTarget "test2Tests" */ = {
			isa = XCConfigurationList;
			buildConfigurations = (
				592415741ACCC88E00048C2B /* Debug */,
				592415751ACCC88E00048C2B /* Release */,
			);
			defaultConfigurationIsVisible = 0;
		};
/* End XCConfigurationList section */
	};
	rootObject = 592415451ACCC88E00048C2B /* Project object */;
}
